# generated by rye
# use `rye lock` or `rye sync` to update this lockfile
#
# last locked with the following flags:
#   pre: false
#   features: []
#   all-features: false
#   with-sources: false
#   generate-hashes: false
#   universal: false

-e file:.
astroid==3.3.11
    # via pylint
autopep8==2.0.4
    # via python-lsp-server
black==25.1.0
    # via python-lsp-black
    # via python-lsp-server
click==8.2.1
    # via black
dill==0.4.0
    # via pylint
docstring-to-markdown==0.17
    # via python-lsp-server
flake8==7.1.2
    # via python-lsp-server
importlib-metadata==8.7.0
    # via docstring-to-markdown
isort==6.0.1
    # via pylint
    # via python-lsp-isort
jedi==0.19.2
    # via python-lsp-server
mccabe==0.7.0
    # via flake8
    # via pylint
    # via python-lsp-server
mypy==1.17.0
    # via pylsp-mypy
mypy-extensions==1.1.0
    # via black
    # via mypy
packaging==25.0
    # via black
    # via pytoolconfig
parso==0.8.4
    # via jedi
pathspec==0.12.1
    # via black
    # via mypy
platformdirs==4.3.8
    # via black
    # via pylint
    # via pytoolconfig
    # via yapf
pluggy==1.6.0
    # via python-lsp-server
prompt-toolkit==3.0.51
    # via pyshell
pycodestyle==2.12.1
    # via autopep8
    # via flake8
    # via python-lsp-server
pydocstyle==6.3.0
    # via python-lsp-server
pyflakes==3.2.0
    # via flake8
    # via python-lsp-server
pygments==2.19.2
    # via pyshell
pylint==3.3.7
    # via python-lsp-server
pylsp-mypy==0.7.0
python-lsp-black==2.0.0
python-lsp-isort==0.2.1
python-lsp-jsonrpc==1.1.2
    # via python-lsp-server
python-lsp-server==1.13.0
    # via pylsp-mypy
    # via python-lsp-black
    # via python-lsp-isort
pytoolconfig==1.3.1
    # via rope
rope==1.14.0
    # via python-lsp-server
snowballstemmer==3.0.1
    # via pydocstyle
tomlkit==0.13.3
    # via pylint
typing-extensions==4.14.1
    # via docstring-to-markdown
    # via mypy
ujson==5.10.0
    # via python-lsp-jsonrpc
    # via python-lsp-server
wcwidth==0.2.13
    # via prompt-toolkit
whatthepatch==1.0.7
    # via python-lsp-server
yapf==0.43.0
    # via python-lsp-server
zipp==3.23.0
    # via importlib-metadata
