# generated by rye
# use `rye lock` or `rye sync` to update this lockfile
#
# last locked with the following flags:
#   pre: false
#   features: []
#   all-features: false
#   with-sources: false
#   generate-hashes: false
#   universal: false

-e file:.
prompt-toolkit==3.0.51
    # via pyshell
pygments==2.19.2
    # via pyshell
tabulate==0.9.0
    # via pyshell
types-docutils==0.21.0.20250728
    # via types-pygments
types-pygments==2.19.0.20250715
    # via pyshell
types-tabulate==0.9.0.20241207
    # via pyshell
wcwidth==0.2.13
    # via prompt-toolkit
